Microsoft Visual Studio Solution File, Format Version 11.00
# Visual Studio 2008

Project("{1175FC7F-A8CB-D254-8A65-E3397291B5DB}") = "Escape!", "Assembly-CSharp.csproj", "{11BCC2A4-477B-D8E9-3CFD-852DE1969059}"
EndProject
Global
	GlobalSection(SolutionConfigurationPlatforms) = preSolution
		Debug|Any CPU = Debug|Any CPU
		Release|Any CPU = Release|Any CPU
	EndGlobalSection
	GlobalSection(ProjectConfigurationPlatforms) = postSolution
		{11BCC2A4-477B-D8E9-3CFD-852DE1969059}.Debug|Any CPU.ActiveCfg = Debug|Any CPU
		{11BCC2A4-477B-D8E9-3CFD-852DE1969059}.Debug|Any CPU.Build.0 = Debug|Any CPU
		{11BCC2A4-477B-D8E9-3CFD-852DE1969059}.Release|Any CPU.ActiveCfg = Release|Any CPU
		{11BCC2A4-477B-D8E9-3CFD-852DE1969059}.Release|Any CPU.Build.0 = Release|Any CPU
	EndGlobalSection
	GlobalSection(SolutionProperties) = preSolution
		HideSolutionNode = FALSE
	EndGlobalSection
	GlobalSection(MonoDevelopProperties) = preSolution
		StartupItem = Assembly-CSharp.csproj
	EndGlobalSection
EndGlobal
