Microsoft Visual Studio Solution File, Format Version 11.00
# Visual Studio 2008

Project("{EBAE3A20-6AA4-DEF5-F51B-1AC35E51835E}") = "Help-me-Escape-", "Assembly-CSharp-firstpass.csproj", "{D191B952-B601-8E42-00CF-C858CD78C7C1}"
EndProject
Project("{EBAE3A20-6AA4-DEF5-F51B-1AC35E51835E}") = "Help-me-Escape-", "Assembly-CSharp.csproj", "{364ECB58-AF16-5FCC-411D-3E6AA365E290}"
EndProject
Project("{EBAE3A20-6AA4-DEF5-F51B-1AC35E51835E}") = "Help-me-Escape-", "Assembly-CSharp-Editor.csproj", "{5067717F-B952-7874-721A-B0189C739C5A}"
EndProject
Global
	GlobalSection(SolutionConfigurationPlatforms) = preSolution
		Debug|Any CPU = Debug|Any CPU
		Release|Any CPU = Release|Any CPU
	EndGlobalSection
	GlobalSection(ProjectConfigurationPlatforms) = postSolution
		{D191B952-B601-8E42-00CF-C858CD78C7C1}.Debug|Any CPU.ActiveCfg = Debug|Any CPU
		{D191B952-B601-8E42-00CF-C858CD78C7C1}.Debug|Any CPU.Build.0 = Debug|Any CPU
		{D191B952-B601-8E42-00CF-C858CD78C7C1}.Release|Any CPU.ActiveCfg = Release|Any CPU
		{D191B952-B601-8E42-00CF-C858CD78C7C1}.Release|Any CPU.Build.0 = Release|Any CPU
		{364ECB58-AF16-5FCC-411D-3E6AA365E290}.Debug|Any CPU.ActiveCfg = Debug|Any CPU
		{364ECB58-AF16-5FCC-411D-3E6AA365E290}.Debug|Any CPU.Build.0 = Debug|Any CPU
		{364ECB58-AF16-5FCC-411D-3E6AA365E290}.Release|Any CPU.ActiveCfg = Release|Any CPU
		{364ECB58-AF16-5FCC-411D-3E6AA365E290}.Release|Any CPU.Build.0 = Release|Any CPU
		{5067717F-B952-7874-721A-B0189C739C5A}.Debug|Any CPU.ActiveCfg = Debug|Any CPU
		{5067717F-B952-7874-721A-B0189C739C5A}.Debug|Any CPU.Build.0 = Debug|Any CPU
		{5067717F-B952-7874-721A-B0189C739C5A}.Release|Any CPU.ActiveCfg = Release|Any CPU
		{5067717F-B952-7874-721A-B0189C739C5A}.Release|Any CPU.Build.0 = Release|Any CPU
	EndGlobalSection
	GlobalSection(SolutionProperties) = preSolution
		HideSolutionNode = FALSE
	EndGlobalSection
	GlobalSection(MonoDevelopProperties) = preSolution
		StartupItem = Assembly-CSharp.csproj
	EndGlobalSection
EndGlobal
