Microsoft Visual Studio Solution File, Format Version 11.00
# Visual Studio 2008

Project("{EBAE3A20-6AA4-DEF5-F51B-1AC35E51835E}") = "Help-me-Escape-", "Assembly-CSharp.csproj", "{364ECB58-AF16-5FCC-411D-3E6AA365E290}"
EndProject
Global
	GlobalSection(SolutionConfigurationPlatforms) = preSolution
		Debug|Any CPU = Debug|Any CPU
		Release|Any CPU = Release|Any CPU
	EndGlobalSection
	GlobalSection(ProjectConfigurationPlatforms) = postSolution
		{364ECB58-AF16-5FCC-411D-3E6AA365E290}.Debug|Any CPU.ActiveCfg = Debug|Any CPU
		{364ECB58-AF16-5FCC-411D-3E6AA365E290}.Debug|Any CPU.Build.0 = Debug|Any CPU
		{364ECB58-AF16-5FCC-411D-3E6AA365E290}.Release|Any CPU.ActiveCfg = Release|Any CPU
		{364ECB58-AF16-5FCC-411D-3E6AA365E290}.Release|Any CPU.Build.0 = Release|Any CPU
	EndGlobalSection
	GlobalSection(SolutionProperties) = preSolution
		HideSolutionNode = FALSE
	EndGlobalSection
	GlobalSection(MonoDevelopProperties) = preSolution
		StartupItem = Assembly-CSharp.csproj
	EndGlobalSection
EndGlobal
